
Microsoft Visual Studio Solution File, Format Version 12.00
# Visual Studio Version 17
VisualStudioVersion = 17.11.35327.3
MinimumVisualStudioVersion = 10.0.40219.1
Project("{FAE04EC0-301F-11D3-BF4B-00C04F79EFBC}") = "DemoAzureApp", "DemoAzureApp.csproj", "{13BB7E92-646E-448C-8850-437BCE9084EF}"
EndProject
Global
	GlobalSection(SolutionConfigurationPlatforms) = preSolution
		Debug|Any CPU = Debug|Any CPU
		Release|Any CPU = Release|Any CPU
	EndGlobalSection
	GlobalSection(ProjectConfigurationPlatforms) = postSolution
		{13BB7E92-646E-448C-8850-437BCE9084EF}.Debug|Any CPU.ActiveCfg = Debug|Any CPU
		{13BB7E92-646E-448C-8850-437BCE9084EF}.Debug|Any CPU.Build.0 = Debug|Any CPU
		{13BB7E92-646E-448C-8850-437BCE9084EF}.Release|Any CPU.ActiveCfg = Release|Any CPU
		{13BB7E92-646E-448C-8850-437BCE9084EF}.Release|Any CPU.Build.0 = Release|Any CPU
	EndGlobalSection
	GlobalSection(SolutionProperties) = preSolution
		HideSolutionNode = FALSE
	EndGlobalSection
	GlobalSection(ExtensibilityGlobals) = postSolution
		SolutionGuid = {4296A6D8-D4A6-4790-844D-1E4F2836BF2A}
	EndGlobalSection
EndGlobal
